
Microsoft Visual Studio Solution File, Format Version 12.00
# Visual Studio 15
VisualStudioVersion = 15.0.26124.0
MinimumVisualStudioVersion = 15.0.26124.0
Project("{FAE04EC0-301F-11D3-BF4B-00C04F79EFBC}") = "hello", "hello\hello.csproj", "{D99466FC-1D82-4D0B-9801-099C085D3DA7}"
EndProject
Project("{FAE04EC0-301F-11D3-BF4B-00C04F79EFBC}") = "logic", "logic\logic.csproj", "{A9D5AE69-3BEB-4104-8749-140B12F5A5B9}"
EndProject
Project("{FAE04EC0-301F-11D3-BF4B-00C04F79EFBC}") = "tests", "tests\tests.csproj", "{AD484636-A8B9-4D3D-94D4-DEDD7CA87BAE}"
EndProject
Global
	GlobalSection(SolutionConfigurationPlatforms) = preSolution
		Debug|Any CPU = Debug|Any CPU
		Debug|x64 = Debug|x64
		Debug|x86 = Debug|x86
		Release|Any CPU = Release|Any CPU
		Release|x64 = Release|x64
		Release|x86 = Release|x86
	EndGlobalSection
	GlobalSection(SolutionProperties) = preSolution
		HideSolutionNode = FALSE
	EndGlobalSection
	GlobalSection(ProjectConfigurationPlatforms) = postSolution
		{D99466FC-1D82-4D0B-9801-099C085D3DA7}.Debug|Any CPU.ActiveCfg = Debug|Any CPU
		{D99466FC-1D82-4D0B-9801-099C085D3DA7}.Debug|Any CPU.Build.0 = Debug|Any CPU
		{D99466FC-1D82-4D0B-9801-099C085D3DA7}.Debug|x64.ActiveCfg = Debug|Any CPU
		{D99466FC-1D82-4D0B-9801-099C085D3DA7}.Debug|x64.Build.0 = Debug|Any CPU
		{D99466FC-1D82-4D0B-9801-099C085D3DA7}.Debug|x86.ActiveCfg = Debug|Any CPU
		{D99466FC-1D82-4D0B-9801-099C085D3DA7}.Debug|x86.Build.0 = Debug|Any CPU
		{D99466FC-1D82-4D0B-9801-099C085D3DA7}.Release|Any CPU.ActiveCfg = Release|Any CPU
		{D99466FC-1D82-4D0B-9801-099C085D3DA7}.Release|Any CPU.Build.0 = Release|Any CPU
		{D99466FC-1D82-4D0B-9801-099C085D3DA7}.Release|x64.ActiveCfg = Release|Any CPU
		{D99466FC-1D82-4D0B-9801-099C085D3DA7}.Release|x64.Build.0 = Release|Any CPU
		{D99466FC-1D82-4D0B-9801-099C085D3DA7}.Release|x86.ActiveCfg = Release|Any CPU
		{D99466FC-1D82-4D0B-9801-099C085D3DA7}.Release|x86.Build.0 = Release|Any CPU
		{A9D5AE69-3BEB-4104-8749-140B12F5A5B9}.Debug|Any CPU.ActiveCfg = Debug|Any CPU
		{A9D5AE69-3BEB-4104-8749-140B12F5A5B9}.Debug|Any CPU.Build.0 = Debug|Any CPU
		{A9D5AE69-3BEB-4104-8749-140B12F5A5B9}.Debug|x64.ActiveCfg = Debug|Any CPU
		{A9D5AE69-3BEB-4104-8749-140B12F5A5B9}.Debug|x64.Build.0 = Debug|Any CPU
		{A9D5AE69-3BEB-4104-8749-140B12F5A5B9}.Debug|x86.ActiveCfg = Debug|Any CPU
		{A9D5AE69-3BEB-4104-8749-140B12F5A5B9}.Debug|x86.Build.0 = Debug|Any CPU
		{A9D5AE69-3BEB-4104-8749-140B12F5A5B9}.Release|Any CPU.ActiveCfg = Release|Any CPU
		{A9D5AE69-3BEB-4104-8749-140B12F5A5B9}.Release|Any CPU.Build.0 = Release|Any CPU
		{A9D5AE69-3BEB-4104-8749-140B12F5A5B9}.Release|x64.ActiveCfg = Release|Any CPU
		{A9D5AE69-3BEB-4104-8749-140B12F5A5B9}.Release|x64.Build.0 = Release|Any CPU
		{A9D5AE69-3BEB-4104-8749-140B12F5A5B9}.Release|x86.ActiveCfg = Release|Any CPU
		{A9D5AE69-3BEB-4104-8749-140B12F5A5B9}.Release|x86.Build.0 = Release|Any CPU
		{AD484636-A8B9-4D3D-94D4-DEDD7CA87BAE}.Debug|Any CPU.ActiveCfg = Debug|Any CPU
		{AD484636-A8B9-4D3D-94D4-DEDD7CA87BAE}.Debug|Any CPU.Build.0 = Debug|Any CPU
		{AD484636-A8B9-4D3D-94D4-DEDD7CA87BAE}.Debug|x64.ActiveCfg = Debug|Any CPU
		{AD484636-A8B9-4D3D-94D4-DEDD7CA87BAE}.Debug|x64.Build.0 = Debug|Any CPU
		{AD484636-A8B9-4D3D-94D4-DEDD7CA87BAE}.Debug|x86.ActiveCfg = Debug|Any CPU
		{AD484636-A8B9-4D3D-94D4-DEDD7CA87BAE}.Debug|x86.Build.0 = Debug|Any CPU
		{AD484636-A8B9-4D3D-94D4-DEDD7CA87BAE}.Release|Any CPU.ActiveCfg = Release|Any CPU
		{AD484636-A8B9-4D3D-94D4-DEDD7CA87BAE}.Release|Any CPU.Build.0 = Release|Any CPU
		{AD484636-A8B9-4D3D-94D4-DEDD7CA87BAE}.Release|x64.ActiveCfg = Release|Any CPU
		{AD484636-A8B9-4D3D-94D4-DEDD7CA87BAE}.Release|x64.Build.0 = Release|Any CPU
		{AD484636-A8B9-4D3D-94D4-DEDD7CA87BAE}.Release|x86.ActiveCfg = Release|Any CPU
		{AD484636-A8B9-4D3D-94D4-DEDD7CA87BAE}.Release|x86.Build.0 = Release|Any CPU
	EndGlobalSection
EndGlobal
