
Microsoft Visual Studio Solution File, Format Version 12.00
# Visual Studio 2012
Project("{FAE04EC0-301F-11D3-BF4B-00C04F79EFBC}") = "core1", "core1\core1.csproj", "{17EB6158-EFB3-44E5-88BE-9AF18DA82EE4}"
EndProject
Global
	GlobalSection(SolutionConfigurationPlatforms) = preSolution
		Debug|Any CPU = Debug|Any CPU
		Release|Any CPU = Release|Any CPU
	EndGlobalSection
	GlobalSection(ProjectConfigurationPlatforms) = postSolution
		{17EB6158-EFB3-44E5-88BE-9AF18DA82EE4}.Debug|Any CPU.ActiveCfg = Debug|Any CPU
		{17EB6158-EFB3-44E5-88BE-9AF18DA82EE4}.Debug|Any CPU.Build.0 = Debug|Any CPU
		{17EB6158-EFB3-44E5-88BE-9AF18DA82EE4}.Release|Any CPU.ActiveCfg = Release|Any CPU
		{17EB6158-EFB3-44E5-88BE-9AF18DA82EE4}.Release|Any CPU.Build.0 = Release|Any CPU
	EndGlobalSection
EndGlobal
